PODS:
  - Google-Mobile-Ads-SDK (7.25.0)
  - SwiftChart (0.5.0)
  - ZAlertView (0.3.4)

DEPENDENCIES:
  - Google-Mobile-Ads-SDK
  - SwiftChart
  - ZAlertView

SPEC CHECKSUMS:
  Google-Mobile-Ads-SDK: 113804f266381a30f982ad3c18063d4e0155414f
  SwiftChart: d1d22d2b1c4582f4d561edf97a210059c00ee256
  ZAlertView: d0e399f75e65eb1272e69777dc4a584f7edd6ea7

PODFILE CHECKSUM: 3bd72c3aa55ca82af692620acb4425c37dd3a5f2

COCOAPODS: 1.3.1
